
Microsoft Visual Studio Solution File, Format Version 12.00
# Visual Studio Version 17
VisualStudioVersion = 17.9.34622.214
MinimumVisualStudioVersion = 10.0.40219.1
Project("{9A19103F-16F7-4668-BE54-9A1E7A4F7556}") = "MP.API", "MapaProcessosAPI\MP.API.csproj", "{67274158-3681-4457-B08D-0329496092D5}"
EndProject
Project("{9A19103F-16F7-4668-BE54-9A1E7A4F7556}") = "MP.Domain", "MP.Domain\MP.Domain.csproj", "{210C87F7-9518-434C-9FF7-84A59C5BA018}"
EndProject
Project("{9A19103F-16F7-4668-BE54-9A1E7A4F7556}") = "MP.Infra", "MP.Infra\MP.Infra.csproj", "{921494C4-B3B5-4A5C-B978-2C350A9CD5AD}"
EndProject
Project("{9A19103F-16F7-4668-BE54-9A1E7A4F7556}") = "MP.Application", "MP.Application\MP.Application.csproj", "{6ACF8CC2-A5A5-4384-A26D-1EC4F53D7DEB}"
EndProject
Project("{E53339B2-1760-4266-BCC7-CA923CBCF16C}") = "docker-compose", "docker-compose.dcproj", "{2B4D44CE-0E7F-4DE2-B2B6-DC0301FD0291}"
EndProject
Global
	GlobalSection(SolutionConfigurationPlatforms) = preSolution
		Debug|Any CPU = Debug|Any CPU
		Release|Any CPU = Release|Any CPU
	EndGlobalSection
	GlobalSection(ProjectConfigurationPlatforms) = postSolution
		{67274158-3681-4457-B08D-0329496092D5}.Debug|Any CPU.ActiveCfg = Debug|Any CPU
		{67274158-3681-4457-B08D-0329496092D5}.Debug|Any CPU.Build.0 = Debug|Any CPU
		{67274158-3681-4457-B08D-0329496092D5}.Release|Any CPU.ActiveCfg = Release|Any CPU
		{67274158-3681-4457-B08D-0329496092D5}.Release|Any CPU.Build.0 = Release|Any CPU
		{210C87F7-9518-434C-9FF7-84A59C5BA018}.Debug|Any CPU.ActiveCfg = Debug|Any CPU
		{210C87F7-9518-434C-9FF7-84A59C5BA018}.Debug|Any CPU.Build.0 = Debug|Any CPU
		{210C87F7-9518-434C-9FF7-84A59C5BA018}.Release|Any CPU.ActiveCfg = Release|Any CPU
		{210C87F7-9518-434C-9FF7-84A59C5BA018}.Release|Any CPU.Build.0 = Release|Any CPU
		{921494C4-B3B5-4A5C-B978-2C350A9CD5AD}.Debug|Any CPU.ActiveCfg = Debug|Any CPU
		{921494C4-B3B5-4A5C-B978-2C350A9CD5AD}.Debug|Any CPU.Build.0 = Debug|Any CPU
		{921494C4-B3B5-4A5C-B978-2C350A9CD5AD}.Release|Any CPU.ActiveCfg = Release|Any CPU
		{921494C4-B3B5-4A5C-B978-2C350A9CD5AD}.Release|Any CPU.Build.0 = Release|Any CPU
		{6ACF8CC2-A5A5-4384-A26D-1EC4F53D7DEB}.Debug|Any CPU.ActiveCfg = Debug|Any CPU
		{6ACF8CC2-A5A5-4384-A26D-1EC4F53D7DEB}.Debug|Any CPU.Build.0 = Debug|Any CPU
		{6ACF8CC2-A5A5-4384-A26D-1EC4F53D7DEB}.Release|Any CPU.ActiveCfg = Release|Any CPU
		{6ACF8CC2-A5A5-4384-A26D-1EC4F53D7DEB}.Release|Any CPU.Build.0 = Release|Any CPU
		{2B4D44CE-0E7F-4DE2-B2B6-DC0301FD0291}.Debug|Any CPU.ActiveCfg = Debug|Any CPU
		{2B4D44CE-0E7F-4DE2-B2B6-DC0301FD0291}.Debug|Any CPU.Build.0 = Debug|Any CPU
		{2B4D44CE-0E7F-4DE2-B2B6-DC0301FD0291}.Release|Any CPU.ActiveCfg = Release|Any CPU
		{2B4D44CE-0E7F-4DE2-B2B6-DC0301FD0291}.Release|Any CPU.Build.0 = Release|Any CPU
	EndGlobalSection
	GlobalSection(SolutionProperties) = preSolution
		HideSolutionNode = FALSE
	EndGlobalSection
	GlobalSection(ExtensibilityGlobals) = postSolution
		SolutionGuid = {0F9F41C6-EE01-421B-B99C-64F266627733}
	EndGlobalSection
EndGlobal
